
Microsoft Visual Studio Solution File, Format Version 12.00
# Visual Studio 15
Project("{FAE04EC0-301F-11D3-BF4B-00C04F79EFBC}") = "MalbersAnimations", "MalbersAnimations.csproj", "{BAB5909C-D536-FEAE-3227-A502BB222DDB}"
EndProject
Project("{FAE04EC0-301F-11D3-BF4B-00C04F79EFBC}") = "MalbersAnimations.Editor", "MalbersAnimations.Editor.csproj", "{6CAED25F-D8D5-6E63-92B0-F76670E409A4}"
EndProject
Project("{FAE04EC0-301F-11D3-BF4B-00C04F79EFBC}") = "MalbersAnimations.Cinemachine", "MalbersAnimations.Cinemachine.csproj", "{9BA1D7DC-8CD6-616E-F691-2403000A8944}"
EndProject
Project("{FAE04EC0-301F-11D3-BF4B-00C04F79EFBC}") = "Assembly-CSharp", "Assembly-CSharp.csproj", "{C70ABBA1-057C-0409-A7F1-868F9F267532}"
EndProject
Global
	GlobalSection(SolutionConfigurationPlatforms) = preSolution
		Debug|Any CPU = Debug|Any CPU
		Release|Any CPU = Release|Any CPU
	EndGlobalSection
	GlobalSection(ProjectConfigurationPlatforms) = postSolution
		{BAB5909C-D536-FEAE-3227-A502BB222DDB}.Debug|Any CPU.ActiveCfg = Debug|Any CPU
		{BAB5909C-D536-FEAE-3227-A502BB222DDB}.Debug|Any CPU.Build.0 = Debug|Any CPU
		{BAB5909C-D536-FEAE-3227-A502BB222DDB}.Release|Any CPU.ActiveCfg = Release|Any CPU
		{BAB5909C-D536-FEAE-3227-A502BB222DDB}.Release|Any CPU.Build.0 = Release|Any CPU
		{6CAED25F-D8D5-6E63-92B0-F76670E409A4}.Debug|Any CPU.ActiveCfg = Debug|Any CPU
		{6CAED25F-D8D5-6E63-92B0-F76670E409A4}.Debug|Any CPU.Build.0 = Debug|Any CPU
		{6CAED25F-D8D5-6E63-92B0-F76670E409A4}.Release|Any CPU.ActiveCfg = Release|Any CPU
		{6CAED25F-D8D5-6E63-92B0-F76670E409A4}.Release|Any CPU.Build.0 = Release|Any CPU
		{9BA1D7DC-8CD6-616E-F691-2403000A8944}.Debug|Any CPU.ActiveCfg = Debug|Any CPU
		{9BA1D7DC-8CD6-616E-F691-2403000A8944}.Debug|Any CPU.Build.0 = Debug|Any CPU
		{9BA1D7DC-8CD6-616E-F691-2403000A8944}.Release|Any CPU.ActiveCfg = Release|Any CPU
		{9BA1D7DC-8CD6-616E-F691-2403000A8944}.Release|Any CPU.Build.0 = Release|Any CPU
		{C70ABBA1-057C-0409-A7F1-868F9F267532}.Debug|Any CPU.ActiveCfg = Debug|Any CPU
		{C70ABBA1-057C-0409-A7F1-868F9F267532}.Debug|Any CPU.Build.0 = Debug|Any CPU
		{C70ABBA1-057C-0409-A7F1-868F9F267532}.Release|Any CPU.ActiveCfg = Release|Any CPU
		{C70ABBA1-057C-0409-A7F1-868F9F267532}.Release|Any CPU.Build.0 = Release|Any CPU
	EndGlobalSection
	GlobalSection(SolutionProperties) = preSolution
		HideSolutionNode = FALSE
	EndGlobalSection
EndGlobal
